
Microsoft Visual Studio Solution File, Format Version 12.00
# Visual Studio Version 17
VisualStudioVersion = 17.8.34511.84
MinimumVisualStudioVersion = 10.0.40219.1
Project("{9A19103F-16F7-4668-BE54-9A1E7A4F7556}") = "ApiGateway.Api", "ApiGateway.Api\ApiGateway.Api.csproj", "{80878DB7-B7E6-4FA2-AF7D-8613442E70A7}"
EndProject
Global
	GlobalSection(SolutionConfigurationPlatforms) = preSolution
		Debug|Any CPU = Debug|Any CPU
		Release|Any CPU = Release|Any CPU
	EndGlobalSection
	GlobalSection(ProjectConfigurationPlatforms) = postSolution
		{80878DB7-B7E6-4FA2-AF7D-8613442E70A7}.Debug|Any CPU.ActiveCfg = Debug|Any CPU
		{80878DB7-B7E6-4FA2-AF7D-8613442E70A7}.Debug|Any CPU.Build.0 = Debug|Any CPU
		{80878DB7-B7E6-4FA2-AF7D-8613442E70A7}.Release|Any CPU.ActiveCfg = Release|Any CPU
		{80878DB7-B7E6-4FA2-AF7D-8613442E70A7}.Release|Any CPU.Build.0 = Release|Any CPU
	EndGlobalSection
	GlobalSection(SolutionProperties) = preSolution
		HideSolutionNode = FALSE
	EndGlobalSection
	GlobalSection(ExtensibilityGlobals) = postSolution
		SolutionGuid = {D218135A-B5E0-41F5-AEC6-6C54731883E2}
	EndGlobalSection
EndGlobal
